
Microsoft Visual Studio Solution File, Format Version 12.00
# Visual Studio Version 16
VisualStudioVersion = 16.0.30204.135
MinimumVisualStudioVersion = 10.0.40219.1
Project("{FAE04EC0-301F-11D3-BF4B-00C04F79EFBC}") = "PizzaOrderManagementSystem", "PizzaOrderManagementSystem\PizzaOrderManagementSystem.csproj", "{FC70EA8B-4BC2-4F86-9179-C805DA144594}"
EndProject
Global
	GlobalSection(SolutionConfigurationPlatforms) = preSolution
		Debug|Any CPU = Debug|Any CPU
		Release|Any CPU = Release|Any CPU
	EndGlobalSection
	GlobalSection(ProjectConfigurationPlatforms) = postSolution
		{FC70EA8B-4BC2-4F86-9179-C805DA144594}.Debug|Any CPU.ActiveCfg = Debug|Any CPU
		{FC70EA8B-4BC2-4F86-9179-C805DA144594}.Debug|Any CPU.Build.0 = Debug|Any CPU
		{FC70EA8B-4BC2-4F86-9179-C805DA144594}.Release|Any CPU.ActiveCfg = Release|Any CPU
		{FC70EA8B-4BC2-4F86-9179-C805DA144594}.Release|Any CPU.Build.0 = Release|Any CPU
	EndGlobalSection
	GlobalSection(SolutionProperties) = preSolution
		HideSolutionNode = FALSE
	EndGlobalSection
	GlobalSection(ExtensibilityGlobals) = postSolution
		SolutionGuid = {68FB4655-4681-4D7E-9B36-3C102772F997}
	EndGlobalSection
EndGlobal
